#
# This file is autogenerated by pip-compile with Python 3.13
# by the following command:
#
#    pip-compile --output-file=requirements.lock pyproject.toml
#
amqp==5.3.1
    # via kombu
annotated-types==0.7.0
    # via pydantic
anyio==4.14.1
    # via
    #   httpx
    #   openai
argon2-cffi==25.1.0
    # via minio
argon2-cffi-bindings==25.1.0
    # via argon2-cffi
attrs==26.1.0
    # via
    #   jsonschema
    #   referencing
beautifulsoup4==4.12.3
    # via enterprise-rag-studio-worker (pyproject.toml)
billiard==4.2.4
    # via celery
celery==5.4.0
    # via enterprise-rag-studio-worker (pyproject.toml)
certifi==2026.6.17
    # via
    #   httpcore
    #   httpx
    #   minio
    #   requests
cffi==2.0.0
    # via
    #   argon2-cffi-bindings
    #   cryptography
charset-normalizer==3.4.7
    # via requests
chromadb-client==1.5.9
    # via enterprise-rag-studio-worker (pyproject.toml)
click==8.4.2
    # via
    #   celery
    #   click-didyoumean
    #   click-plugins
    #   click-repl
    #   huggingface-hub
click-didyoumean==0.3.1
    # via celery
click-plugins==1.1.1.2
    # via celery
click-repl==0.3.0
    # via celery
colorama==0.4.6
    # via
    #   click
    #   loguru
    #   tqdm
cryptography==43.0.3
    # via enterprise-rag-studio-worker (pyproject.toml)
distro==1.9.0
    # via openai
fastembed==0.8.0
    # via enterprise-rag-studio-worker (pyproject.toml)
filelock==3.29.5
    # via huggingface-hub
flashrank==0.2.10
    # via enterprise-rag-studio-worker (pyproject.toml)
flatbuffers==25.12.19
    # via onnxruntime
fsspec==2026.6.0
    # via huggingface-hub
googleapis-common-protos==1.75.0
    # via opentelemetry-exporter-otlp-proto-grpc
grpcio==1.82.0
    # via
    #   opentelemetry-exporter-otlp-proto-grpc
    #   qdrant-client
h11==0.16.0
    # via httpcore
h2==4.3.0
    # via httpx
hf-xet==1.5.1
    # via huggingface-hub
hpack==4.2.0
    # via h2
httpcore==1.0.9
    # via httpx
httpx[http2]==0.28.1
    # via
    #   chromadb-client
    #   enterprise-rag-studio-worker (pyproject.toml)
    #   huggingface-hub
    #   openai
    #   qdrant-client
huggingface-hub==1.22.0
    # via
    #   fastembed
    #   tokenizers
hyperframe==6.1.0
    # via h2
idna==3.18
    # via
    #   anyio
    #   httpx
    #   requests
jiter==0.16.0
    # via openai
joblib==1.5.3
    # via scikit-learn
jsonschema==4.26.0
    # via chromadb-client
jsonschema-specifications==2025.9.1
    # via jsonschema
kombu==5.6.2
    # via celery
langdetect==1.0.9
    # via enterprise-rag-studio-worker (pyproject.toml)
loguru==0.7.3
    # via fastembed
lxml==5.3.0
    # via
    #   enterprise-rag-studio-worker (pyproject.toml)
    #   python-docx
markdown-it-py==3.0.0
    # via enterprise-rag-studio-worker (pyproject.toml)
mdurl==0.1.2
    # via markdown-it-py
minio==7.2.13
    # via enterprise-rag-studio-worker (pyproject.toml)
mmh3==5.2.1
    # via fastembed
numpy==2.5.1
    # via
    #   chromadb-client
    #   fastembed
    #   flashrank
    #   onnxruntime
    #   pandas
    #   pgvector
    #   qdrant-client
    #   rank-bm25
    #   scikit-learn
    #   scipy
onnxruntime==1.27.0
    # via
    #   fastembed
    #   flashrank
openai==1.57.4
    # via enterprise-rag-studio-worker (pyproject.toml)
opentelemetry-api==1.43.0
    # via
    #   chromadb-client
    #   opentelemetry-exporter-otlp-proto-grpc
    #   opentelemetry-sdk
    #   opentelemetry-semantic-conventions
opentelemetry-exporter-otlp-proto-common==1.43.0
    # via opentelemetry-exporter-otlp-proto-grpc
opentelemetry-exporter-otlp-proto-grpc==1.43.0
    # via chromadb-client
opentelemetry-proto==1.43.0
    # via
    #   opentelemetry-exporter-otlp-proto-common
    #   opentelemetry-exporter-otlp-proto-grpc
opentelemetry-sdk==1.43.0
    # via
    #   chromadb-client
    #   opentelemetry-exporter-otlp-proto-grpc
opentelemetry-semantic-conventions==0.64b0
    # via opentelemetry-sdk
orjson==3.11.9
    # via chromadb-client
overrides==7.7.0
    # via chromadb-client
packaging==26.2
    # via
    #   huggingface-hub
    #   kombu
    #   onnxruntime
    #   pytesseract
pandas==2.2.3
    # via enterprise-rag-studio-worker (pyproject.toml)
pdf2image==1.17.0
    # via enterprise-rag-studio-worker (pyproject.toml)
pgvector==0.3.6
    # via enterprise-rag-studio-worker (pyproject.toml)
pillow==11.0.0
    # via
    #   enterprise-rag-studio-worker (pyproject.toml)
    #   fastembed
    #   pdf2image
    #   pytesseract
portalocker==3.2.0
    # via qdrant-client
prompt-toolkit==3.0.52
    # via click-repl
protobuf==7.35.1
    # via
    #   googleapis-common-protos
    #   onnxruntime
    #   opentelemetry-proto
    #   qdrant-client
psycopg[binary]==3.2.3
    # via enterprise-rag-studio-worker (pyproject.toml)
psycopg-binary==3.2.3
    # via psycopg
py-rust-stemmers==0.1.8
    # via fastembed
pybase64==1.4.3
    # via chromadb-client
pycparser==3.0
    # via cffi
pycryptodome==3.23.0
    # via minio
pydantic==2.13.4
    # via
    #   chromadb-client
    #   openai
    #   pydantic-settings
    #   qdrant-client
pydantic-core==2.46.4
    # via pydantic
pydantic-settings==2.7.1
    # via
    #   chromadb-client
    #   enterprise-rag-studio-worker (pyproject.toml)
pymupdf==1.24.14
    # via enterprise-rag-studio-worker (pyproject.toml)
pytesseract==0.3.13
    # via enterprise-rag-studio-worker (pyproject.toml)
python-dateutil==2.9.0.post0
    # via
    #   celery
    #   pandas
python-docx==1.1.2
    # via enterprise-rag-studio-worker (pyproject.toml)
python-dotenv==1.2.2
    # via pydantic-settings
pytz==2026.2
    # via pandas
pywin32==312
    # via portalocker
pyyaml==6.0.3
    # via
    #   chromadb-client
    #   huggingface-hub
qdrant-client==1.18.0
    # via enterprise-rag-studio-worker (pyproject.toml)
rank-bm25==0.2.2
    # via enterprise-rag-studio-worker (pyproject.toml)
redis==5.2.1
    # via enterprise-rag-studio-worker (pyproject.toml)
referencing==0.37.0
    # via
    #   jsonschema
    #   jsonschema-specifications
regex==2026.6.28
    # via tiktoken
requests==2.34.2
    # via
    #   fastembed
    #   flashrank
    #   tiktoken
rpds-py==2026.6.3
    # via
    #   jsonschema
    #   referencing
scikit-learn==1.5.2
    # via enterprise-rag-studio-worker (pyproject.toml)
scipy==1.18.0
    # via scikit-learn
six==1.17.0
    # via
    #   langdetect
    #   python-dateutil
sniffio==1.3.1
    # via openai
soupsieve==2.8.4
    # via beautifulsoup4
sqlalchemy==2.0.36
    # via enterprise-rag-studio-worker (pyproject.toml)
structlog==24.4.0
    # via enterprise-rag-studio-worker (pyproject.toml)
tenacity==9.1.4
    # via chromadb-client
threadpoolctl==3.6.0
    # via scikit-learn
tiktoken==0.8.0
    # via enterprise-rag-studio-worker (pyproject.toml)
tokenizers==0.23.1
    # via
    #   fastembed
    #   flashrank
tqdm==4.68.3
    # via
    #   fastembed
    #   flashrank
    #   huggingface-hub
    #   openai
typing-extensions==4.16.0
    # via
    #   chromadb-client
    #   grpcio
    #   huggingface-hub
    #   minio
    #   openai
    #   opentelemetry-api
    #   opentelemetry-exporter-otlp-proto-grpc
    #   opentelemetry-sdk
    #   opentelemetry-semantic-conventions
    #   pydantic
    #   pydantic-core
    #   python-docx
    #   sqlalchemy
    #   typing-inspection
typing-inspection==0.4.2
    # via pydantic
tzdata==2026.2
    # via
    #   celery
    #   kombu
    #   pandas
    #   psycopg
urllib3==2.7.0
    # via
    #   minio
    #   qdrant-client
    #   requests
vine==5.1.0
    # via
    #   amqp
    #   celery
    #   kombu
wcwidth==0.8.2
    # via prompt-toolkit
win32-setctime==1.2.0
    # via loguru
